
Microsoft Visual Studio Solution File, Format Version 12.00
# Visual Studio Express 2012 for Windows Desktop
Project("{FAE04EC0-301F-11D3-BF4B-00C04F79EFBC}") = "Urgot_OneKeyToWin", "Urgot_OneKeyToWin\Urgot_OneKeyToWin.csproj", "{06E4571F-5EBC-495F-91BE-4FE3B314DD92}"
EndProject
Global
	GlobalSection(SolutionConfigurationPlatforms) = preSolution
		Debug|Any CPU = Debug|Any CPU
		Release|Any CPU = Release|Any CPU
	EndGlobalSection
	GlobalSection(ProjectConfigurationPlatforms) = postSolution
		{06E4571F-5EBC-495F-91BE-4FE3B314DD92}.Debug|Any CPU.ActiveCfg = Debug|Any CPU
		{06E4571F-5EBC-495F-91BE-4FE3B314DD92}.Debug|Any CPU.Build.0 = Debug|Any CPU
		{06E4571F-5EBC-495F-91BE-4FE3B314DD92}.Release|Any CPU.ActiveCfg = Release|Any CPU
		{06E4571F-5EBC-495F-91BE-4FE3B314DD92}.Release|Any CPU.Build.0 = Release|Any CPU
	EndGlobalSection
	GlobalSection(SolutionProperties) = preSolution
		HideSolutionNode = FALSE
	EndGlobalSection
EndGlobal
